// !$*UTF8*$!
{
	archiveVersion = 1;
	classes = {
	};
	objectVersion = 46;
	objects = {

/* Begin PBXBuildFile section */
		79CDE0F51DF6CE7400FBDD55 /* main.m in Sources */ = {isa = PBXBuildFile; fileRef = 79CDE0F41DF6CE7400FBDD55 /* main.m */; };
		79CDE0F81DF6CE7400FBDD55 /* AppDelegate.m in Sources */ = {isa = PBXBuildFile; fileRef = 79CDE0F71DF6CE7400FBDD55 /* AppDelegate.m */; };
		79CDE1001DF6CE7400FBDD55 /* Assets.xcassets in Resources */ = {isa = PBXBuildFile; fileRef = 79CDE0FF1DF6CE7400FBDD55 /* Assets.xcassets */; };
		79CDE1031DF6CE7400FBDD55 /* LaunchScreen.storyboard in Resources */ = {isa = PBXBuildFile; fileRef = 79CDE1011DF6CE7400FBDD55 /* LaunchScreen.storyboard */; };
		79CDE10C1DF6D0DA00FBDD55 /* BNRLine.m in Sources */ = {isa = PBXBuildFile; fileRef = 79CDE10B1DF6D0DA00FBDD55 /* BNRLine.m */; };
		79CDE10F1DF6D15000FBDD55 /* BNRDeawView.m in Sources */ = {isa = PBXBuildFile; fileRef = 79CDE10E1DF6D15000FBDD55 /* BNRDeawView.m */; };
		79CDE1121DF6D22200FBDD55 /* BNRDeawViewControlller.m in Sources */ = {isa = PBXBuildFile; fileRef = 79CDE1111DF6D22200FBDD55 /* BNRDeawViewControlller.m */; };
/* End PBXBuildFile section */

/* Begin PBXFileReference section */
		79CDE0F01DF6CE7400FBDD55 /* BNRTouchTracker.app */ = {isa = PBXFileReference; explicitFileType = wrapper.application; includeInIndex = 0; path = BNRTouchTracker.app; sourceTree = BUILT_PRODUCTS_DIR; };
		79CDE0F41DF6CE7400FBDD55 /* main.m */ = {isa = PBXFileReference; lastKnownFileType = sourcecode.c.objc; path = main.m; sourceTree = "<group>"; };
		79CDE0F61DF6CE7400FBDD55 /* AppDelegate.h */ = {isa = PBXFileReference; lastKnownFileType = sourcecode.c.h; path = AppDelegate.h; sourceTree = "<group>"; };
		79CDE0F71DF6CE7400FBDD55 /* AppDelegate.m */ = {isa = PBXFileReference; lastKnownFileType = sourcecode.c.objc; path = AppDelegate.m; sourceTree = "<group>"; };
		79CDE0FF1DF6CE7400FBDD55 /* Assets.xcassets */ = {isa = PBXFileReference; lastKnownFileType = folder.assetcatalog; path = Assets.xcassets; sourceTree = "<group>"; };
		79CDE1021DF6CE7400FBDD55 /* Base */ = {isa = PBXFileReference; lastKnownFileType = file.storyboard; name = Base; path = Base.lproj/LaunchScreen.storyboard; sourceTree = "<group>"; };
		79CDE1041DF6CE7400FBDD55 /* Info.plist */ = {isa = PBXFileReference; lastKnownFileType = text.plist.xml; path = Info.plist; sourceTree = "<group>"; };
		79CDE10A1DF6D0DA00FBDD55 /* BNRLine.h */ = {isa = PBXFileReference; fileEncoding = 4; lastKnownFileType = sourcecode.c.h; path = BNRLine.h; sourceTree = "<group>"; };
		79CDE10B1DF6D0DA00FBDD55 /* BNRLine.m */ = {isa = PBXFileReference; fileEncoding = 4; lastKnownFileType = sourcecode.c.objc; path = BNRLine.m; sourceTree = "<group>"; };
		79CDE10D1DF6D15000FBDD55 /* BNRDeawView.h */ = {isa = PBXFileReference; fileEncoding = 4; lastKnownFileType = sourcecode.c.h; path = BNRDeawView.h; sourceTree = "<group>"; };
		79CDE10E1DF6D15000FBDD55 /* BNRDeawView.m */ = {isa = PBXFileReference; fileEncoding = 4; lastKnownFileType = sourcecode.c.objc; path = BNRDeawView.m; sourceTree = "<group>"; };
		79CDE1101DF6D22200FBDD55 /* BNRDeawViewControlller.h */ = {isa = PBXFileReference; fileEncoding = 4; lastKnownFileType = sourcecode.c.h; path = BNRDeawViewControlller.h; sourceTree = "<group>"; };
		79CDE1111DF6D22200FBDD55 /* BNRDeawViewControlller.m */ = {isa = PBXFileReference; fileEncoding = 4; lastKnownFileType = sourcecode.c.objc; path = BNRDeawViewControlller.m; sourceTree = "<group>"; };
/* End PBXFileReference section */

/* Begin PBXFrameworksBuildPhase section */
		79CDE0ED1DF6CE7400FBDD55 /* Frameworks */ = {
			isa = PBXFrameworksBuildPhase;
			buildActionMask = 2147483647;
			files = (
			);
			runOnlyForDeploymentPostprocessing = 0;
		};
/* End PBXFrameworksBuildPhase section */

/* Begin PBXGroup section */
		79CDE0E71DF6CE7300FBDD55 = {
			isa = PBXGroup;
			children = (
				79CDE0F21DF6CE7400FBDD55 /* BNRTouchTracker */,
				79CDE0F11DF6CE7400FBDD55 /* Products */,
			);
			sourceTree = "<group>";
		};
		79CDE0F11DF6CE7400FBDD55 /* Products */ = {
			isa = PBXGroup;
			children = (
				79CDE0F01DF6CE7400FBDD55 /* BNRTouchTracker.app */,
			);
			name = Products;
			sourceTree = "<group>";
		};
		79CDE0F21DF6CE7400FBDD55 /* BNRTouchTracker */ = {
			isa = PBXGroup;
			children = (
				79CDE0F61DF6CE7400FBDD55 /* AppDelegate.h */,
				79CDE0F71DF6CE7400FBDD55 /* AppDelegate.m */,
				79CDE10A1DF6D0DA00FBDD55 /* BNRLine.h */,
				79CDE10B1DF6D0DA00FBDD55 /* BNRLine.m */,
				79CDE10D1DF6D15000FBDD55 /* BNRDeawView.h */,
				79CDE10E1DF6D15000FBDD55 /* BNRDeawView.m */,
				79CDE1101DF6D22200FBDD55 /* BNRDeawViewControlller.h */,
				79CDE1111DF6D22200FBDD55 /* BNRDeawViewControlller.m */,
				79CDE0FF1DF6CE7400FBDD55 /* Assets.xcassets */,
				79CDE1011DF6CE7400FBDD55 /* LaunchScreen.storyboard */,
				79CDE1041DF6CE7400FBDD55 /* Info.plist */,
				79CDE0F31DF6CE7400FBDD55 /* Supporting Files */,
			);
			path = BNRTouchTracker;
			sourceTree = "<group>";
		};
		79CDE0F31DF6CE7400FBDD55 /* Supporting Files */ = {
			isa = PBXGroup;
			children = (
				79CDE0F41DF6CE7400FBDD55 /* main.m */,
			);
			name = "Supporting Files";
			sourceTree = "<group>";
		};
/* End PBXGroup section */

/* Begin PBXNativeTarget section */
		79CDE0EF1DF6CE7400FBDD55 /* BNRTouchTracker */ = {
			isa = PBXNativeTarget;
			buildConfigurationList = 79CDE1071DF6CE7400FBDD55 /* Build configuration list for PBXNativeTarget "BNRTouchTracker" */;
			buildPhases = (
				79CDE0EC1DF6CE7400FBDD55 /* Sources */,
				79CDE0ED1DF6CE7400FBDD55 /* Frameworks */,
				79CDE0EE1DF6CE7400FBDD55 /* Resources */,
			);
			buildRules = (
			);
			dependencies = (
			);
			name = BNRTouchTracker;
			productName = BNRTouchTracker;
			productReference = 79CDE0F01DF6CE7400FBDD55 /* BNRTouchTracker.app */;
			productType = "com.apple.product-type.application";
		};
/* End PBXNativeTarget section */

/* Begin PBXProject section */
		79CDE0E81DF6CE7300FBDD55 /* Project object */ = {
			isa = PBXProject;
			attributes = {
				LastUpgradeCheck = 0800;
				ORGANIZATIONNAME = "Richard Wang";
				TargetAttributes = {
					79CDE0EF1DF6CE7400FBDD55 = {
						CreatedOnToolsVersion = 8.0;
						DevelopmentTeam = AAHU74A457;
						ProvisioningStyle = Automatic;
					};
				};
			};
			buildConfigurationList = 79CDE0EB1DF6CE7300FBDD55 /* Build configuration list for PBXProject "BNRTouchTracker" */;
			compatibilityVersion = "Xcode 3.2";
			developmentRegion = English;
			hasScannedForEncodings = 0;
			knownRegions = (
				en,
				Base,
			);
			mainGroup = 79CDE0E71DF6CE7300FBDD55;
			productRefGroup = 79CDE0F11DF6CE7400FBDD55 /* Products */;
			projectDirPath = "";
			projectRoot = "";
			targets = (
				79CDE0EF1DF6CE7400FBDD55 /* BNRTouchTracker */,
			);
		};
/* End PBXProject section */

/* Begin PBXResourcesBuildPhase section */
		79CDE0EE1DF6CE7400FBDD55 /* Resources */ = {
			isa = PBXResourcesBuildPhase;
			buildActionMask = 2147483647;
			files = (
				79CDE1031DF6CE7400FBDD55 /* LaunchScreen.storyboard in Resources */,
				79CDE1001DF6CE7400FBDD55 /* Assets.xcassets in Resources */,
			);
			runOnlyForDeploymentPostprocessing = 0;
		};
/* End PBXResourcesBuildPhase section */

/* Begin PBXSourcesBuildPhase section */
		79CDE0EC1DF6CE7400FBDD55 /* Sources */ = {
			isa = PBXSourcesBuildPhase;
			buildActionMask = 2147483647;
			files = (
				79CDE10F1DF6D15000FBDD55 /* BNRDeawView.m in Sources */,
				79CDE0F81DF6CE7400FBDD55 /* AppDelegate.m in Sources */,
				79CDE1121DF6D22200FBDD55 /* BNRDeawViewControlller.m in Sources */,
				79CDE10C1DF6D0DA00FBDD55 /* BNRLine.m in Sources */,
				79CDE0F51DF6CE7400FBDD55 /* main.m in Sources */,
			);
			runOnlyForDeploymentPostprocessing = 0;
		};
/* End PBXSourcesBuildPhase section */

/* Begin PBXVariantGroup section */
		79CDE1011DF6CE7400FBDD55 /* LaunchScreen.storyboard */ = {
			isa = PBXVariantGroup;
			children = (
				79CDE1021DF6CE7400FBDD55 /* Base */,
			);
			name = LaunchScreen.storyboard;
			sourceTree = "<group>";
		};
/* End PBXVariantGroup section */

/* Begin XCBuildConfiguration section */
		79CDE1051DF6CE7400FBDD55 /* Debug */ = {
			isa = XCBuildConfiguration;
			buildSettings = {
				ALWAYS_SEARCH_USER_PATHS = NO;
				CLANG_ANALYZER_NONNULL = YES;
				CLANG_CXX_LANGUAGE_STANDARD = "gnu++0x";
				CLANG_CXX_LIBRARY = "libc++";
				CLANG_ENABLE_MODULES = YES;
				CLANG_ENABLE_OBJC_ARC = YES;
				CLANG_WARN_BOOL_CONVERSION = YES;
				CLANG_WARN_CONSTANT_CONVERSION = YES;
				CLANG_WARN_DIRECT_OBJC_ISA_USAGE = YES_ERROR;
				CLANG_WARN_DOCUMENTATION_COMMENTS = YES;
				CLANG_WARN_EMPTY_BODY = YES;
				CLANG_WARN_ENUM_CONVERSION = YES;
				CLANG_WARN_INFINITE_RECURSION = YES;
				CLANG_WARN_INT_CONVERSION = YES;
				CLANG_WARN_OBJC_ROOT_CLASS = YES_ERROR;
				CLANG_WARN_SUSPICIOUS_MOVES = YES;
				CLANG_WARN_UNREACHABLE_CODE = YES;
				CLANG_WARN__DUPLICATE_METHOD_MATCH = YES;
				"CODE_SIGN_IDENTITY[sdk=iphoneos*]" = "iPhone Developer";
				COPY_PHASE_STRIP = NO;
				DEBUG_INFORMATION_FORMAT = dwarf;
				ENABLE_STRICT_OBJC_MSGSEND = YES;
				ENABLE_TESTABILITY = YES;
				GCC_C_LANGUAGE_STANDARD = gnu99;
				GCC_DYNAMIC_NO_PIC = NO;
				GCC_NO_COMMON_BLOCKS = YES;
				GCC_OPTIMIZATION_LEVEL = 0;
				GCC_PREPROCESSOR_DEFINITIONS = (
					"DEBUG=1",
					"$(inherited)",
				);
				GCC_WARN_64_TO_32_BIT_CONVERSION = YES;
				GCC_WARN_ABOUT_RETURN_TYPE = YES_ERROR;
				GCC_WARN_UNDECLARED_SELECTOR = YES;
				GCC_WARN_UNINITIALIZED_AUTOS = YES_AGGRESSIVE;
				GCC_WARN_UNUSED_FUNCTION = YES;
				GCC_WARN_UNUSED_VARIABLE = YES;
				IPHONEOS_DEPLOYMENT_TARGET = 10.0;
				MTL_ENABLE_DEBUG_INFO = YES;
				ONLY_ACTIVE_ARCH = YES;
				SDKROOT = iphoneos;
			};
			name = Debug;
		};
		79CDE1061DF6CE7400FBDD55 /* Release */ = {
			isa = XCBuildConfiguration;
			buildSettings = {
				ALWAYS_SEARCH_USER_PATHS = NO;
				CLANG_ANALYZER_NONNULL = YES;
				CLANG_CXX_LANGUAGE_STANDARD = "gnu++0x";
				CLANG_CXX_LIBRARY = "libc++";
				CLANG_ENABLE_MODULES = YES;
				CLANG_ENABLE_OBJC_ARC = YES;
				CLANG_WARN_BOOL_CONVERSION = YES;
				CLANG_WARN_CONSTANT_CONVERSION = YES;
				CLANG_WARN_DIRECT_OBJC_ISA_USAGE = YES_ERROR;
				CLANG_WARN_DOCUMENTATION_COMMENTS = YES;
				CLANG_WARN_EMPTY_BODY = YES;
				CLANG_WARN_ENUM_CONVERSION = YES;
				CLANG_WARN_INFINITE_RECURSION = YES;
				CLANG_WARN_INT_CONVERSION = YES;
				CLANG_WARN_OBJC_ROOT_CLASS = YES_ERROR;
				CLANG_WARN_SUSPICIOUS_MOVES = YES;
				CLANG_WARN_UNREACHABLE_CODE = YES;
				CLANG_WARN__DUPLICATE_METHOD_MATCH = YES;
				"CODE_SIGN_IDENTITY[sdk=iphoneos*]" = "iPhone Developer";
				COPY_PHASE_STRIP = NO;
				DEBUG_INFORMATION_FORMAT = "dwarf-with-dsym";
				ENABLE_NS_ASSERTIONS = NO;
				ENABLE_STRICT_OBJC_MSGSEND = YES;
				GCC_C_LANGUAGE_STANDARD = gnu99;
				GCC_NO_COMMON_BLOCKS = YES;
				GCC_WARN_64_TO_32_BIT_CONVERSION = YES;
				GCC_WARN_ABOUT_RETURN_TYPE = YES_ERROR;
				GCC_WARN_UNDECLARED_SELECTOR = YES;
				GCC_WARN_UNINITIALIZED_AUTOS = YES_AGGRESSIVE;
				GCC_WARN_UNUSED_FUNCTION = YES;
				GCC_WARN_UNUSED_VARIABLE = YES;
				IPHONEOS_DEPLOYMENT_TARGET = 10.0;
				MTL_ENABLE_DEBUG_INFO = NO;
				SDKROOT = iphoneos;
				VALIDATE_PRODUCT = YES;
			};
			name = Release;
		};
		79CDE1081DF6CE7400FBDD55 /* Debug */ = {
			isa = XCBuildConfiguration;
			buildSettings = {
				ASSETCATALOG_COMPILER_APPICON_NAME = AppIcon;
				DEVELOPMENT_TEAM = AAHU74A457;
				GCC_PREPROCESSOR_DEFINITIONS = (
					"DEBUG=1",
					"$(inherited)",
					VIEW_DEBUG,
				);
				INFOPLIST_FILE = BNRTouchTracker/Info.plist;
				LD_RUNPATH_SEARCH_PATHS = "$(inherited) @executable_path/Frameworks";
				PRODUCT_BUNDLE_IDENTIFIER = com.chw.BNRTouchTracker;
				PRODUCT_NAME = "$(TARGET_NAME)";
			};
			name = Debug;
		};
		79CDE1091DF6CE7400FBDD55 /* Release */ = {
			isa = XCBuildConfiguration;
			buildSettings = {
				ASSETCATALOG_COMPILER_APPICON_NAME = AppIcon;
				DEVELOPMENT_TEAM = AAHU74A457;
				INFOPLIST_FILE = BNRTouchTracker/Info.plist;
				LD_RUNPATH_SEARCH_PATHS = "$(inherited) @executable_path/Frameworks";
				PRODUCT_BUNDLE_IDENTIFIER = com.chw.BNRTouchTracker;
				PRODUCT_NAME = "$(TARGET_NAME)";
			};
			name = Release;
		};
/* End XCBuildConfiguration section */

/* Begin XCConfigurationList section */
		79CDE0EB1DF6CE7300FBDD55 /* Build configuration list for PBXProject "BNRTouchTracker" */ = {
			isa = XCConfigurationList;
			buildConfigurations = (
				79CDE1051DF6CE7400FBDD55 /* Debug */,
				79CDE1061DF6CE7400FBDD55 /* Release */,
			);
			defaultConfigurationIsVisible = 0;
			defaultConfigurationName = Release;
		};
		79CDE1071DF6CE7400FBDD55 /* Build configuration list for PBXNativeTarget "BNRTouchTracker" */ = {
			isa = XCConfigurationList;
			buildConfigurations = (
				79CDE1081DF6CE7400FBDD55 /* Debug */,
				79CDE1091DF6CE7400FBDD55 /* Release */,
			);
			defaultConfigurationIsVisible = 0;
			defaultConfigurationName = Release;
		};
/* End XCConfigurationList section */
	};
	rootObject = 79CDE0E81DF6CE7300FBDD55 /* Project object */;
}
