// !$*UTF8*$!
{
	archiveVersion = 1;
	classes = {
	};
	objectVersion = 46;
	objects = {

/* Begin PBXBuildFile section */
		793ED1201DE1E844009ECB8D /* main.m in Sources */ = {isa = PBXBuildFile; fileRef = 793ED11F1DE1E844009ECB8D /* main.m */; };
		793ED1231DE1E844009ECB8D /* BNRAppDelegate.m in Sources */ = {isa = PBXBuildFile; fileRef = 793ED1221DE1E844009ECB8D /* BNRAppDelegate.m */; };
		793ED1291DE1E844009ECB8D /* Main.storyboard in Resources */ = {isa = PBXBuildFile; fileRef = 793ED1271DE1E844009ECB8D /* Main.storyboard */; };
		793ED12B1DE1E844009ECB8D /* Assets.xcassets in Resources */ = {isa = PBXBuildFile; fileRef = 793ED12A1DE1E844009ECB8D /* Assets.xcassets */; };
		793ED1381DE1EBAC009ECB8D /* BNRQuizViewController.m in Sources */ = {isa = PBXBuildFile; fileRef = 793ED1361DE1EBAC009ECB8D /* BNRQuizViewController.m */; };
		793ED1391DE1EBAC009ECB8D /* BNRQuizViewController.xib in Resources */ = {isa = PBXBuildFile; fileRef = 793ED1371DE1EBAC009ECB8D /* BNRQuizViewController.xib */; };
		793ED13B1DE2A1B4009ECB8D /* Images.xcassets in Resources */ = {isa = PBXBuildFile; fileRef = 793ED13A1DE2A1B4009ECB8D /* Images.xcassets */; };
/* End PBXBuildFile section */

/* Begin PBXFileReference section */
		793ED11B1DE1E844009ECB8D /* Quiz.app */ = {isa = PBXFileReference; explicitFileType = wrapper.application; includeInIndex = 0; path = Quiz.app; sourceTree = BUILT_PRODUCTS_DIR; };
		793ED11F1DE1E844009ECB8D /* main.m */ = {isa = PBXFileReference; lastKnownFileType = sourcecode.c.objc; path = main.m; sourceTree = "<group>"; };
		793ED1211DE1E844009ECB8D /* BNRAppDelegate.h */ = {isa = PBXFileReference; lastKnownFileType = sourcecode.c.h; path = BNRAppDelegate.h; sourceTree = "<group>"; };
		793ED1221DE1E844009ECB8D /* BNRAppDelegate.m */ = {isa = PBXFileReference; lastKnownFileType = sourcecode.c.objc; path = BNRAppDelegate.m; sourceTree = "<group>"; };
		793ED1281DE1E844009ECB8D /* Base */ = {isa = PBXFileReference; lastKnownFileType = file.storyboard; name = Base; path = Base.lproj/Main.storyboard; sourceTree = "<group>"; };
		793ED12A1DE1E844009ECB8D /* Assets.xcassets */ = {isa = PBXFileReference; lastKnownFileType = folder.assetcatalog; path = Assets.xcassets; sourceTree = "<group>"; };
		793ED12F1DE1E844009ECB8D /* Info.plist */ = {isa = PBXFileReference; lastKnownFileType = text.plist.xml; path = Info.plist; sourceTree = "<group>"; };
		793ED1351DE1EBAC009ECB8D /* BNRQuizViewController.h */ = {isa = PBXFileReference; fileEncoding = 4; lastKnownFileType = sourcecode.c.h; path = BNRQuizViewController.h; sourceTree = "<group>"; };
		793ED1361DE1EBAC009ECB8D /* BNRQuizViewController.m */ = {isa = PBXFileReference; fileEncoding = 4; lastKnownFileType = sourcecode.c.objc; path = BNRQuizViewController.m; sourceTree = "<group>"; };
		793ED1371DE1EBAC009ECB8D /* BNRQuizViewController.xib */ = {isa = PBXFileReference; fileEncoding = 4; lastKnownFileType = file.xib; path = BNRQuizViewController.xib; sourceTree = "<group>"; };
		793ED13A1DE2A1B4009ECB8D /* Images.xcassets */ = {isa = PBXFileReference; lastKnownFileType = folder.assetcatalog; path = Images.xcassets; sourceTree = "<group>"; };
/* End PBXFileReference section */

/* Begin PBXFrameworksBuildPhase section */
		793ED1181DE1E844009ECB8D /* Frameworks */ = {
			isa = PBXFrameworksBuildPhase;
			buildActionMask = 2147483647;
			files = (
			);
			runOnlyForDeploymentPostprocessing = 0;
		};
/* End PBXFrameworksBuildPhase section */

/* Begin PBXGroup section */
		793ED1121DE1E844009ECB8D = {
			isa = PBXGroup;
			children = (
				793ED11D1DE1E844009ECB8D /* Quiz */,
				793ED11C1DE1E844009ECB8D /* Products */,
			);
			sourceTree = "<group>";
		};
		793ED11C1DE1E844009ECB8D /* Products */ = {
			isa = PBXGroup;
			children = (
				793ED11B1DE1E844009ECB8D /* Quiz.app */,
			);
			name = Products;
			sourceTree = "<group>";
		};
		793ED11D1DE1E844009ECB8D /* Quiz */ = {
			isa = PBXGroup;
			children = (
				793ED1211DE1E844009ECB8D /* BNRAppDelegate.h */,
				793ED1221DE1E844009ECB8D /* BNRAppDelegate.m */,
				793ED1351DE1EBAC009ECB8D /* BNRQuizViewController.h */,
				793ED1361DE1EBAC009ECB8D /* BNRQuizViewController.m */,
				793ED1371DE1EBAC009ECB8D /* BNRQuizViewController.xib */,
				793ED1271DE1E844009ECB8D /* Main.storyboard */,
				793ED12A1DE1E844009ECB8D /* Assets.xcassets */,
				793ED12F1DE1E844009ECB8D /* Info.plist */,
				793ED13A1DE2A1B4009ECB8D /* Images.xcassets */,
				793ED11E1DE1E844009ECB8D /* Supporting Files */,
			);
			path = Quiz;
			sourceTree = "<group>";
		};
		793ED11E1DE1E844009ECB8D /* Supporting Files */ = {
			isa = PBXGroup;
			children = (
				793ED11F1DE1E844009ECB8D /* main.m */,
			);
			name = "Supporting Files";
			sourceTree = "<group>";
		};
/* End PBXGroup section */

/* Begin PBXNativeTarget section */
		793ED11A1DE1E844009ECB8D /* Quiz */ = {
			isa = PBXNativeTarget;
			buildConfigurationList = 793ED1321DE1E844009ECB8D /* Build configuration list for PBXNativeTarget "Quiz" */;
			buildPhases = (
				793ED1171DE1E844009ECB8D /* Sources */,
				793ED1181DE1E844009ECB8D /* Frameworks */,
				793ED1191DE1E844009ECB8D /* Resources */,
			);
			buildRules = (
			);
			dependencies = (
			);
			name = Quiz;
			productName = Quiz;
			productReference = 793ED11B1DE1E844009ECB8D /* Quiz.app */;
			productType = "com.apple.product-type.application";
		};
/* End PBXNativeTarget section */

/* Begin PBXProject section */
		793ED1131DE1E844009ECB8D /* Project object */ = {
			isa = PBXProject;
			attributes = {
				LastUpgradeCheck = 0800;
				ORGANIZATIONNAME = "Richard Wang";
				TargetAttributes = {
					793ED11A1DE1E844009ECB8D = {
						CreatedOnToolsVersion = 8.0;
						DevelopmentTeam = AAHU74A457;
						ProvisioningStyle = Automatic;
					};
				};
			};
			buildConfigurationList = 793ED1161DE1E844009ECB8D /* Build configuration list for PBXProject "Quiz" */;
			compatibilityVersion = "Xcode 3.2";
			developmentRegion = English;
			hasScannedForEncodings = 0;
			knownRegions = (
				en,
				Base,
			);
			mainGroup = 793ED1121DE1E844009ECB8D;
			productRefGroup = 793ED11C1DE1E844009ECB8D /* Products */;
			projectDirPath = "";
			projectRoot = "";
			targets = (
				793ED11A1DE1E844009ECB8D /* Quiz */,
			);
		};
/* End PBXProject section */

/* Begin PBXResourcesBuildPhase section */
		793ED1191DE1E844009ECB8D /* Resources */ = {
			isa = PBXResourcesBuildPhase;
			buildActionMask = 2147483647;
			files = (
				793ED1391DE1EBAC009ECB8D /* BNRQuizViewController.xib in Resources */,
				793ED13B1DE2A1B4009ECB8D /* Images.xcassets in Resources */,
				793ED12B1DE1E844009ECB8D /* Assets.xcassets in Resources */,
				793ED1291DE1E844009ECB8D /* Main.storyboard in Resources */,
			);
			runOnlyForDeploymentPostprocessing = 0;
		};
/* End PBXResourcesBuildPhase section */

/* Begin PBXSourcesBuildPhase section */
		793ED1171DE1E844009ECB8D /* Sources */ = {
			isa = PBXSourcesBuildPhase;
			buildActionMask = 2147483647;
			files = (
				793ED1231DE1E844009ECB8D /* BNRAppDelegate.m in Sources */,
				793ED1201DE1E844009ECB8D /* main.m in Sources */,
				793ED1381DE1EBAC009ECB8D /* BNRQuizViewController.m in Sources */,
			);
			runOnlyForDeploymentPostprocessing = 0;
		};
/* End PBXSourcesBuildPhase section */

/* Begin PBXVariantGroup section */
		793ED1271DE1E844009ECB8D /* Main.storyboard */ = {
			isa = PBXVariantGroup;
			children = (
				793ED1281DE1E844009ECB8D /* Base */,
			);
			name = Main.storyboard;
			sourceTree = "<group>";
		};
/* End PBXVariantGroup section */

/* Begin XCBuildConfiguration section */
		793ED1301DE1E844009ECB8D /* Debug */ = {
			isa = XCBuildConfiguration;
			buildSettings = {
				ALWAYS_SEARCH_USER_PATHS = NO;
				CLANG_ANALYZER_NONNULL = YES;
				CLANG_CXX_LANGUAGE_STANDARD = "gnu++0x";
				CLANG_CXX_LIBRARY = "libc++";
				CLANG_ENABLE_MODULES = YES;
				CLANG_ENABLE_OBJC_ARC = YES;
				CLANG_WARN_BOOL_CONVERSION = YES;
				CLANG_WARN_CONSTANT_CONVERSION = YES;
				CLANG_WARN_DIRECT_OBJC_ISA_USAGE = YES_ERROR;
				CLANG_WARN_DOCUMENTATION_COMMENTS = YES;
				CLANG_WARN_EMPTY_BODY = YES;
				CLANG_WARN_ENUM_CONVERSION = YES;
				CLANG_WARN_INFINITE_RECURSION = YES;
				CLANG_WARN_INT_CONVERSION = YES;
				CLANG_WARN_OBJC_ROOT_CLASS = YES_ERROR;
				CLANG_WARN_SUSPICIOUS_MOVES = YES;
				CLANG_WARN_UNREACHABLE_CODE = YES;
				CLANG_WARN__DUPLICATE_METHOD_MATCH = YES;
				"CODE_SIGN_IDENTITY[sdk=iphoneos*]" = "iPhone Developer";
				COPY_PHASE_STRIP = NO;
				DEBUG_INFORMATION_FORMAT = dwarf;
				ENABLE_STRICT_OBJC_MSGSEND = YES;
				ENABLE_TESTABILITY = YES;
				GCC_C_LANGUAGE_STANDARD = gnu99;
				GCC_DYNAMIC_NO_PIC = NO;
				GCC_NO_COMMON_BLOCKS = YES;
				GCC_OPTIMIZATION_LEVEL = 0;
				GCC_PREPROCESSOR_DEFINITIONS = (
					"DEBUG=1",
					"$(inherited)",
				);
				GCC_WARN_64_TO_32_BIT_CONVERSION = YES;
				GCC_WARN_ABOUT_RETURN_TYPE = YES_ERROR;
				GCC_WARN_UNDECLARED_SELECTOR = YES;
				GCC_WARN_UNINITIALIZED_AUTOS = YES_AGGRESSIVE;
				GCC_WARN_UNUSED_FUNCTION = YES;
				GCC_WARN_UNUSED_VARIABLE = YES;
				IPHONEOS_DEPLOYMENT_TARGET = 10.0;
				MTL_ENABLE_DEBUG_INFO = YES;
				ONLY_ACTIVE_ARCH = YES;
				SDKROOT = iphoneos;
			};
			name = Debug;
		};
		793ED1311DE1E844009ECB8D /* Release */ = {
			isa = XCBuildConfiguration;
			buildSettings = {
				ALWAYS_SEARCH_USER_PATHS = NO;
				CLANG_ANALYZER_NONNULL = YES;
				CLANG_CXX_LANGUAGE_STANDARD = "gnu++0x";
				CLANG_CXX_LIBRARY = "libc++";
				CLANG_ENABLE_MODULES = YES;
				CLANG_ENABLE_OBJC_ARC = YES;
				CLANG_WARN_BOOL_CONVERSION = YES;
				CLANG_WARN_CONSTANT_CONVERSION = YES;
				CLANG_WARN_DIRECT_OBJC_ISA_USAGE = YES_ERROR;
				CLANG_WARN_DOCUMENTATION_COMMENTS = YES;
				CLANG_WARN_EMPTY_BODY = YES;
				CLANG_WARN_ENUM_CONVERSION = YES;
				CLANG_WARN_INFINITE_RECURSION = YES;
				CLANG_WARN_INT_CONVERSION = YES;
				CLANG_WARN_OBJC_ROOT_CLASS = YES_ERROR;
				CLANG_WARN_SUSPICIOUS_MOVES = YES;
				CLANG_WARN_UNREACHABLE_CODE = YES;
				CLANG_WARN__DUPLICATE_METHOD_MATCH = YES;
				"CODE_SIGN_IDENTITY[sdk=iphoneos*]" = "iPhone Developer";
				COPY_PHASE_STRIP = NO;
				DEBUG_INFORMATION_FORMAT = "dwarf-with-dsym";
				ENABLE_NS_ASSERTIONS = NO;
				ENABLE_STRICT_OBJC_MSGSEND = YES;
				GCC_C_LANGUAGE_STANDARD = gnu99;
				GCC_NO_COMMON_BLOCKS = YES;
				GCC_WARN_64_TO_32_BIT_CONVERSION = YES;
				GCC_WARN_ABOUT_RETURN_TYPE = YES_ERROR;
				GCC_WARN_UNDECLARED_SELECTOR = YES;
				GCC_WARN_UNINITIALIZED_AUTOS = YES_AGGRESSIVE;
				GCC_WARN_UNUSED_FUNCTION = YES;
				GCC_WARN_UNUSED_VARIABLE = YES;
				IPHONEOS_DEPLOYMENT_TARGET = 10.0;
				MTL_ENABLE_DEBUG_INFO = NO;
				SDKROOT = iphoneos;
				VALIDATE_PRODUCT = YES;
			};
			name = Release;
		};
		793ED1331DE1E844009ECB8D /* Debug */ = {
			isa = XCBuildConfiguration;
			buildSettings = {
				ASSETCATALOG_COMPILER_APPICON_NAME = AppIcon;
				ASSETCATALOG_COMPILER_LAUNCHIMAGE_NAME = LaunchImage;
				DEVELOPMENT_TEAM = AAHU74A457;
				INFOPLIST_FILE = Quiz/Info.plist;
				IPHONEOS_DEPLOYMENT_TARGET = 8.1;
				LD_RUNPATH_SEARCH_PATHS = "$(inherited) @executable_path/Frameworks";
				PRODUCT_BUNDLE_IDENTIFIER = com.chw.Quiz;
				PRODUCT_NAME = "$(TARGET_NAME)";
			};
			name = Debug;
		};
		793ED1341DE1E844009ECB8D /* Release */ = {
			isa = XCBuildConfiguration;
			buildSettings = {
				ASSETCATALOG_COMPILER_APPICON_NAME = AppIcon;
				ASSETCATALOG_COMPILER_LAUNCHIMAGE_NAME = LaunchImage;
				DEVELOPMENT_TEAM = AAHU74A457;
				INFOPLIST_FILE = Quiz/Info.plist;
				IPHONEOS_DEPLOYMENT_TARGET = 8.1;
				LD_RUNPATH_SEARCH_PATHS = "$(inherited) @executable_path/Frameworks";
				PRODUCT_BUNDLE_IDENTIFIER = com.chw.Quiz;
				PRODUCT_NAME = "$(TARGET_NAME)";
			};
			name = Release;
		};
/* End XCBuildConfiguration section */

/* Begin XCConfigurationList section */
		793ED1161DE1E844009ECB8D /* Build configuration list for PBXProject "Quiz" */ = {
			isa = XCConfigurationList;
			buildConfigurations = (
				793ED1301DE1E844009ECB8D /* Debug */,
				793ED1311DE1E844009ECB8D /* Release */,
			);
			defaultConfigurationIsVisible = 0;
			defaultConfigurationName = Release;
		};
		793ED1321DE1E844009ECB8D /* Build configuration list for PBXNativeTarget "Quiz" */ = {
			isa = XCConfigurationList;
			buildConfigurations = (
				793ED1331DE1E844009ECB8D /* Debug */,
				793ED1341DE1E844009ECB8D /* Release */,
			);
			defaultConfigurationIsVisible = 0;
		};
/* End XCConfigurationList section */
	};
	rootObject = 793ED1131DE1E844009ECB8D /* Project object */;
}
